
Microsoft Visual Studio Solution File, Format Version 12.00
# Visual Studio Version 17
VisualStudioVersion = 17.0.32014.148
MinimumVisualStudioVersion = 10.0.40219.1
Project("{9A19103F-16F7-4668-BE54-9A1E7A4F7556}") = "QFBNGH_ADT_2023241.Models", "QFBNGH_ADT_2023241.Models\QFBNGH_ADT_2023241.Models.csproj", "{7B75FD0C-2F59-4668-962E-9CDA66A6549B}"
EndProject
Project("{9A19103F-16F7-4668-BE54-9A1E7A4F7556}") = "QFBNGH_ADT_2023241.Logic", "QFBNGH_ADT_2023241.Logic\QFBNGH_ADT_2023241.Logic.csproj", "{97B61F32-612C-43DD-A6BA-E2FAB5EF0AC9}"
EndProject
Project("{9A19103F-16F7-4668-BE54-9A1E7A4F7556}") = "QFBNGH_ADT_2023241.Repository", "QFBNGH_ADT_2023241.Repository\QFBNGH_ADT_2023241.Repository.csproj", "{376C21C8-5EE1-4FE5-8688-1B237AE0C99A}"
EndProject
Project("{9A19103F-16F7-4668-BE54-9A1E7A4F7556}") = "QFBNGH_ADT_2023241.Endpoint", "QFBNGH_ADT_2023241.Endpoint\QFBNGH_ADT_2023241.Endpoint.csproj", "{A0FB0F39-6EFD-4EEC-8542-791CD9702D19}"
EndProject
Project("{9A19103F-16F7-4668-BE54-9A1E7A4F7556}") = "QFBNGH_ADT_2023241.Test", "QFBNGH_ADT_2023241.Test\QFBNGH_ADT_2023241.Test.csproj", "{5B24F4B5-7AE8-447B-A4C1-E8E9BD635D7E}"
EndProject
Project("{2150E333-8FDC-42A3-9474-1A3956D46DE8}") = "Backend", "Backend", "{81B4002D-8CA2-431D-890E-F4657E3A47CF}"
EndProject
Project("{2150E333-8FDC-42A3-9474-1A3956D46DE8}") = "Frontend", "Frontend", "{842CD764-BC9F-4C01-A8FA-A65F8FB9B953}"
EndProject
Project("{2150E333-8FDC-42A3-9474-1A3956D46DE8}") = "Shared", "Shared", "{79052A5E-6C6C-4B6D-B725-932E7D5DFD5D}"
EndProject
Project("{9A19103F-16F7-4668-BE54-9A1E7A4F7556}") = "QFBNGH_ADT_2023241.Client", "QFBNGH_ADT_2023241.Client\QFBNGH_ADT_2023241.Client.csproj", "{FE5CBB4A-BF1A-4794-B618-6815A0EEC6A6}"
EndProject
Global
	GlobalSection(SolutionConfigurationPlatforms) = preSolution
		Debug|Any CPU = Debug|Any CPU
		Release|Any CPU = Release|Any CPU
	EndGlobalSection
	GlobalSection(ProjectConfigurationPlatforms) = postSolution
		{7B75FD0C-2F59-4668-962E-9CDA66A6549B}.Debug|Any CPU.ActiveCfg = Debug|Any CPU
		{7B75FD0C-2F59-4668-962E-9CDA66A6549B}.Debug|Any CPU.Build.0 = Debug|Any CPU
		{7B75FD0C-2F59-4668-962E-9CDA66A6549B}.Release|Any CPU.ActiveCfg = Release|Any CPU
		{7B75FD0C-2F59-4668-962E-9CDA66A6549B}.Release|Any CPU.Build.0 = Release|Any CPU
		{97B61F32-612C-43DD-A6BA-E2FAB5EF0AC9}.Debug|Any CPU.ActiveCfg = Debug|Any CPU
		{97B61F32-612C-43DD-A6BA-E2FAB5EF0AC9}.Debug|Any CPU.Build.0 = Debug|Any CPU
		{97B61F32-612C-43DD-A6BA-E2FAB5EF0AC9}.Release|Any CPU.ActiveCfg = Release|Any CPU
		{97B61F32-612C-43DD-A6BA-E2FAB5EF0AC9}.Release|Any CPU.Build.0 = Release|Any CPU
		{376C21C8-5EE1-4FE5-8688-1B237AE0C99A}.Debug|Any CPU.ActiveCfg = Debug|Any CPU
		{376C21C8-5EE1-4FE5-8688-1B237AE0C99A}.Debug|Any CPU.Build.0 = Debug|Any CPU
		{376C21C8-5EE1-4FE5-8688-1B237AE0C99A}.Release|Any CPU.ActiveCfg = Release|Any CPU
		{376C21C8-5EE1-4FE5-8688-1B237AE0C99A}.Release|Any CPU.Build.0 = Release|Any CPU
		{A0FB0F39-6EFD-4EEC-8542-791CD9702D19}.Debug|Any CPU.ActiveCfg = Debug|Any CPU
		{A0FB0F39-6EFD-4EEC-8542-791CD9702D19}.Debug|Any CPU.Build.0 = Debug|Any CPU
		{A0FB0F39-6EFD-4EEC-8542-791CD9702D19}.Release|Any CPU.ActiveCfg = Release|Any CPU
		{A0FB0F39-6EFD-4EEC-8542-791CD9702D19}.Release|Any CPU.Build.0 = Release|Any CPU
		{5B24F4B5-7AE8-447B-A4C1-E8E9BD635D7E}.Debug|Any CPU.ActiveCfg = Debug|Any CPU
		{5B24F4B5-7AE8-447B-A4C1-E8E9BD635D7E}.Debug|Any CPU.Build.0 = Debug|Any CPU
		{5B24F4B5-7AE8-447B-A4C1-E8E9BD635D7E}.Release|Any CPU.ActiveCfg = Release|Any CPU
		{5B24F4B5-7AE8-447B-A4C1-E8E9BD635D7E}.Release|Any CPU.Build.0 = Release|Any CPU
		{FE5CBB4A-BF1A-4794-B618-6815A0EEC6A6}.Debug|Any CPU.ActiveCfg = Debug|Any CPU
		{FE5CBB4A-BF1A-4794-B618-6815A0EEC6A6}.Debug|Any CPU.Build.0 = Debug|Any CPU
		{FE5CBB4A-BF1A-4794-B618-6815A0EEC6A6}.Release|Any CPU.ActiveCfg = Release|Any CPU
		{FE5CBB4A-BF1A-4794-B618-6815A0EEC6A6}.Release|Any CPU.Build.0 = Release|Any CPU
	EndGlobalSection
	GlobalSection(SolutionProperties) = preSolution
		HideSolutionNode = FALSE
	EndGlobalSection
	GlobalSection(NestedProjects) = preSolution
		{7B75FD0C-2F59-4668-962E-9CDA66A6549B} = {79052A5E-6C6C-4B6D-B725-932E7D5DFD5D}
		{97B61F32-612C-43DD-A6BA-E2FAB5EF0AC9} = {81B4002D-8CA2-431D-890E-F4657E3A47CF}
		{376C21C8-5EE1-4FE5-8688-1B237AE0C99A} = {81B4002D-8CA2-431D-890E-F4657E3A47CF}
		{A0FB0F39-6EFD-4EEC-8542-791CD9702D19} = {81B4002D-8CA2-431D-890E-F4657E3A47CF}
		{5B24F4B5-7AE8-447B-A4C1-E8E9BD635D7E} = {81B4002D-8CA2-431D-890E-F4657E3A47CF}
		{FE5CBB4A-BF1A-4794-B618-6815A0EEC6A6} = {842CD764-BC9F-4C01-A8FA-A65F8FB9B953}
	EndGlobalSection
	GlobalSection(ExtensibilityGlobals) = postSolution
		SolutionGuid = {898E719C-200F-4F57-BE62-E795C64A36A9}
	EndGlobalSection
EndGlobal
